// !$*UTF8*$!
{
	archiveVersion = 1;
	classes = {
	};
	objectVersion = 56;
	objects = {

/* Begin PBXBuildFile section */
		CEDD3B432A96F8E200661031 /* AppDelegate.swift in Sources */ = {isa = PBXBuildFile; fileRef = CEDD3B422A96F8E200661031 /* AppDelegate.swift */; };
		CEDD3B452A96F8E200661031 /* SceneDelegate.swift in Sources */ = {isa = PBXBuildFile; fileRef = CEDD3B442A96F8E200661031 /* SceneDelegate.swift */; };
		CEDD3B472A96F8E200661031 /* ViewController.swift in Sources */ = {isa = PBXBuildFile; fileRef = CEDD3B462A96F8E200661031 /* ViewController.swift */; };
		CEDD3B4A2A96F8E200661031 /* Main.storyboard in Resources */ = {isa = PBXBuildFile; fileRef = CEDD3B482A96F8E200661031 /* Main.storyboard */; };
		CEDD3B4C2A96F8E500661031 /* Assets.xcassets in Resources */ = {isa = PBXBuildFile; fileRef = CEDD3B4B2A96F8E500661031 /* Assets.xcassets */; };
		CEDD3B4F2A96F8E500661031 /* LaunchScreen.storyboard in Resources */ = {isa = PBXBuildFile; fileRef = CEDD3B4D2A96F8E500661031 /* LaunchScreen.storyboard */; };
		CEDD3B5A2A96F8E500661031 /* SOLID_ExampleTests.swift in Sources */ = {isa = PBXBuildFile; fileRef = CEDD3B592A96F8E500661031 /* SOLID_ExampleTests.swift */; };
		CEDD3B642A96F8E500661031 /* SOLID_ExampleUITests.swift in Sources */ = {isa = PBXBuildFile; fileRef = CEDD3B632A96F8E500661031 /* SOLID_ExampleUITests.swift */; };
		CEDD3B662A96F8E500661031 /* SOLID_ExampleUITestsLaunchTests.swift in Sources */ = {isa = PBXBuildFile; fileRef = CEDD3B652A96F8E500661031 /* SOLID_ExampleUITestsLaunchTests.swift */; };
		CEDD3B982A96F91F00661031 /* SOLID.framework in Frameworks */ = {isa = PBXBuildFile; fileRef = CEDD3B972A96F91F00661031 /* SOLID.framework */; };
		CEDD3B992A96F91F00661031 /* SOLID.framework in Embed Frameworks */ = {isa = PBXBuildFile; fileRef = CEDD3B972A96F91F00661031 /* SOLID.framework */; settings = {ATTRIBUTES = (CodeSignOnCopy, RemoveHeadersOnCopy, ); }; };
/* End PBXBuildFile section */

/* Begin PBXContainerItemProxy section */
		CEDD3B562A96F8E500661031 /* PBXContainerItemProxy */ = {
			isa = PBXContainerItemProxy;
			containerPortal = CEDD3B372A96F8E200661031 /* Project object */;
			proxyType = 1;
			remoteGlobalIDString = CEDD3B3E2A96F8E200661031;
			remoteInfo = "SOLID Example";
		};
		CEDD3B602A96F8E500661031 /* PBXContainerItemProxy */ = {
			isa = PBXContainerItemProxy;
			containerPortal = CEDD3B372A96F8E200661031 /* Project object */;
			proxyType = 1;
			remoteGlobalIDString = CEDD3B3E2A96F8E200661031;
			remoteInfo = "SOLID Example";
		};
/* End PBXContainerItemProxy section */

/* Begin PBXCopyFilesBuildPhase section */
		CEDD3B9A2A96F91F00661031 /* Embed Frameworks */ = {
			isa = PBXCopyFilesBuildPhase;
			buildActionMask = 2147483647;
			dstPath = "";
			dstSubfolderSpec = 10;
			files = (
				CEDD3B992A96F91F00661031 /* SOLID.framework in Embed Frameworks */,
			);
			name = "Embed Frameworks";
			runOnlyForDeploymentPostprocessing = 0;
		};
/* End PBXCopyFilesBuildPhase section */

/* Begin PBXFileReference section */
		CEDD3B3F2A96F8E200661031 /* SOLID Example.app */ = {isa = PBXFileReference; explicitFileType = wrapper.application; includeInIndex = 0; path = "SOLID Example.app"; sourceTree = BUILT_PRODUCTS_DIR; };
		CEDD3B422A96F8E200661031 /* AppDelegate.swift */ = {isa = PBXFileReference; lastKnownFileType = sourcecode.swift; path = AppDelegate.swift; sourceTree = "<group>"; };
		CEDD3B442A96F8E200661031 /* SceneDelegate.swift */ = {isa = PBXFileReference; lastKnownFileType = sourcecode.swift; path = SceneDelegate.swift; sourceTree = "<group>"; };
		CEDD3B462A96F8E200661031 /* ViewController.swift */ = {isa = PBXFileReference; lastKnownFileType = sourcecode.swift; path = ViewController.swift; sourceTree = "<group>"; };
		CEDD3B492A96F8E200661031 /* Base */ = {isa = PBXFileReference; lastKnownFileType = file.storyboard; name = Base; path = Base.lproj/Main.storyboard; sourceTree = "<group>"; };
		CEDD3B4B2A96F8E500661031 /* Assets.xcassets */ = {isa = PBXFileReference; lastKnownFileType = folder.assetcatalog; path = Assets.xcassets; sourceTree = "<group>"; };
		CEDD3B4E2A96F8E500661031 /* Base */ = {isa = PBXFileReference; lastKnownFileType = file.storyboard; name = Base; path = Base.lproj/LaunchScreen.storyboard; sourceTree = "<group>"; };
		CEDD3B502A96F8E500661031 /* Info.plist */ = {isa = PBXFileReference; lastKnownFileType = text.plist.xml; path = Info.plist; sourceTree = "<group>"; };
		CEDD3B552A96F8E500661031 /* SOLID ExampleTests.xctest */ = {isa = PBXFileReference; explicitFileType = wrapper.cfbundle; includeInIndex = 0; path = "SOLID ExampleTests.xctest"; sourceTree = BUILT_PRODUCTS_DIR; };
		CEDD3B592A96F8E500661031 /* SOLID_ExampleTests.swift */ = {isa = PBXFileReference; lastKnownFileType = sourcecode.swift; path = SOLID_ExampleTests.swift; sourceTree = "<group>"; };
		CEDD3B5F2A96F8E500661031 /* SOLID ExampleUITests.xctest */ = {isa = PBXFileReference; explicitFileType = wrapper.cfbundle; includeInIndex = 0; path = "SOLID ExampleUITests.xctest"; sourceTree = BUILT_PRODUCTS_DIR; };
		CEDD3B632A96F8E500661031 /* SOLID_ExampleUITests.swift */ = {isa = PBXFileReference; lastKnownFileType = sourcecode.swift; path = SOLID_ExampleUITests.swift; sourceTree = "<group>"; };
		CEDD3B652A96F8E500661031 /* SOLID_ExampleUITestsLaunchTests.swift */ = {isa = PBXFileReference; lastKnownFileType = sourcecode.swift; path = SOLID_ExampleUITestsLaunchTests.swift; sourceTree = "<group>"; };
		CEDD3B972A96F91F00661031 /* SOLID.framework */ = {isa = PBXFileReference; explicitFileType = wrapper.framework; path = SOLID.framework; sourceTree = BUILT_PRODUCTS_DIR; };
/* End PBXFileReference section */

/* Begin PBXFrameworksBuildPhase section */
		CEDD3B3C2A96F8E200661031 /* Frameworks */ = {
			isa = PBXFrameworksBuildPhase;
			buildActionMask = 2147483647;
			files = (
				CEDD3B982A96F91F00661031 /* SOLID.framework in Frameworks */,
			);
			runOnlyForDeploymentPostprocessing = 0;
		};
		CEDD3B522A96F8E500661031 /* Frameworks */ = {
			isa = PBXFrameworksBuildPhase;
			buildActionMask = 2147483647;
			files = (
			);
			runOnlyForDeploymentPostprocessing = 0;
		};
		CEDD3B5C2A96F8E500661031 /* Frameworks */ = {
			isa = PBXFrameworksBuildPhase;
			buildActionMask = 2147483647;
			files = (
			);
			runOnlyForDeploymentPostprocessing = 0;
		};
/* End PBXFrameworksBuildPhase section */

/* Begin PBXGroup section */
		CEDD3B362A96F8E200661031 = {
			isa = PBXGroup;
			children = (
				CEDD3B412A96F8E200661031 /* SOLID Example */,
				CEDD3B582A96F8E500661031 /* SOLID ExampleTests */,
				CEDD3B622A96F8E500661031 /* SOLID ExampleUITests */,
				CEDD3B402A96F8E200661031 /* Products */,
				CEDD3B962A96F91F00661031 /* Frameworks */,
			);
			sourceTree = "<group>";
		};
		CEDD3B402A96F8E200661031 /* Products */ = {
			isa = PBXGroup;
			children = (
				CEDD3B3F2A96F8E200661031 /* SOLID Example.app */,
				CEDD3B552A96F8E500661031 /* SOLID ExampleTests.xctest */,
				CEDD3B5F2A96F8E500661031 /* SOLID ExampleUITests.xctest */,
			);
			name = Products;
			sourceTree = "<group>";
		};
		CEDD3B412A96F8E200661031 /* SOLID Example */ = {
			isa = PBXGroup;
			children = (
				CEDD3B422A96F8E200661031 /* AppDelegate.swift */,
				CEDD3B442A96F8E200661031 /* SceneDelegate.swift */,
				CEDD3B462A96F8E200661031 /* ViewController.swift */,
				CEDD3B482A96F8E200661031 /* Main.storyboard */,
				CEDD3B4B2A96F8E500661031 /* Assets.xcassets */,
				CEDD3B4D2A96F8E500661031 /* LaunchScreen.storyboard */,
				CEDD3B502A96F8E500661031 /* Info.plist */,
			);
			path = "SOLID Example";
			sourceTree = "<group>";
		};
		CEDD3B582A96F8E500661031 /* SOLID ExampleTests */ = {
			isa = PBXGroup;
			children = (
				CEDD3B592A96F8E500661031 /* SOLID_ExampleTests.swift */,
			);
			path = "SOLID ExampleTests";
			sourceTree = "<group>";
		};
		CEDD3B622A96F8E500661031 /* SOLID ExampleUITests */ = {
			isa = PBXGroup;
			children = (
				CEDD3B632A96F8E500661031 /* SOLID_ExampleUITests.swift */,
				CEDD3B652A96F8E500661031 /* SOLID_ExampleUITestsLaunchTests.swift */,
			);
			path = "SOLID ExampleUITests";
			sourceTree = "<group>";
		};
		CEDD3B962A96F91F00661031 /* Frameworks */ = {
			isa = PBXGroup;
			children = (
				CEDD3B972A96F91F00661031 /* SOLID.framework */,
			);
			name = Frameworks;
			sourceTree = "<group>";
		};
/* End PBXGroup section */

/* Begin PBXNativeTarget section */
		CEDD3B3E2A96F8E200661031 /* SOLID Example */ = {
			isa = PBXNativeTarget;
			buildConfigurationList = CEDD3B692A96F8E500661031 /* Build configuration list for PBXNativeTarget "SOLID Example" */;
			buildPhases = (
				CEDD3B3B2A96F8E200661031 /* Sources */,
				CEDD3B3C2A96F8E200661031 /* Frameworks */,
				CEDD3B3D2A96F8E200661031 /* Resources */,
				CEDD3B9A2A96F91F00661031 /* Embed Frameworks */,
			);
			buildRules = (
			);
			dependencies = (
			);
			name = "SOLID Example";
			productName = "SOLID Example";
			productReference = CEDD3B3F2A96F8E200661031 /* SOLID Example.app */;
			productType = "com.apple.product-type.application";
		};
		CEDD3B542A96F8E500661031 /* SOLID ExampleTests */ = {
			isa = PBXNativeTarget;
			buildConfigurationList = CEDD3B6C2A96F8E500661031 /* Build configuration list for PBXNativeTarget "SOLID ExampleTests" */;
			buildPhases = (
				CEDD3B512A96F8E500661031 /* Sources */,
				CEDD3B522A96F8E500661031 /* Frameworks */,
				CEDD3B532A96F8E500661031 /* Resources */,
			);
			buildRules = (
			);
			dependencies = (
				CEDD3B572A96F8E500661031 /* PBXTargetDependency */,
			);
			name = "SOLID ExampleTests";
			productName = "SOLID ExampleTests";
			productReference = CEDD3B552A96F8E500661031 /* SOLID ExampleTests.xctest */;
			productType = "com.apple.product-type.bundle.unit-test";
		};
		CEDD3B5E2A96F8E500661031 /* SOLID ExampleUITests */ = {
			isa = PBXNativeTarget;
			buildConfigurationList = CEDD3B6F2A96F8E500661031 /* Build configuration list for PBXNativeTarget "SOLID ExampleUITests" */;
			buildPhases = (
				CEDD3B5B2A96F8E500661031 /* Sources */,
				CEDD3B5C2A96F8E500661031 /* Frameworks */,
				CEDD3B5D2A96F8E500661031 /* Resources */,
			);
			buildRules = (
			);
			dependencies = (
				CEDD3B612A96F8E500661031 /* PBXTargetDependency */,
			);
			name = "SOLID ExampleUITests";
			productName = "SOLID ExampleUITests";
			productReference = CEDD3B5F2A96F8E500661031 /* SOLID ExampleUITests.xctest */;
			productType = "com.apple.product-type.bundle.ui-testing";
		};
/* End PBXNativeTarget section */

/* Begin PBXProject section */
		CEDD3B372A96F8E200661031 /* Project object */ = {
			isa = PBXProject;
			attributes = {
				BuildIndependentTargetsInParallel = 1;
				LastSwiftUpdateCheck = 1410;
				LastUpgradeCheck = 1410;
				TargetAttributes = {
					CEDD3B3E2A96F8E200661031 = {
						CreatedOnToolsVersion = 14.1;
					};
					CEDD3B542A96F8E500661031 = {
						CreatedOnToolsVersion = 14.1;
						TestTargetID = CEDD3B3E2A96F8E200661031;
					};
					CEDD3B5E2A96F8E500661031 = {
						CreatedOnToolsVersion = 14.1;
						TestTargetID = CEDD3B3E2A96F8E200661031;
					};
				};
			};
			buildConfigurationList = CEDD3B3A2A96F8E200661031 /* Build configuration list for PBXProject "SOLID Example" */;
			compatibilityVersion = "Xcode 14.0";
			developmentRegion = en;
			hasScannedForEncodings = 0;
			knownRegions = (
				en,
				Base,
			);
			mainGroup = CEDD3B362A96F8E200661031;
			productRefGroup = CEDD3B402A96F8E200661031 /* Products */;
			projectDirPath = "";
			projectRoot = "";
			targets = (
				CEDD3B3E2A96F8E200661031 /* SOLID Example */,
				CEDD3B542A96F8E500661031 /* SOLID ExampleTests */,
				CEDD3B5E2A96F8E500661031 /* SOLID ExampleUITests */,
			);
		};
/* End PBXProject section */

/* Begin PBXResourcesBuildPhase section */
		CEDD3B3D2A96F8E200661031 /* Resources */ = {
			isa = PBXResourcesBuildPhase;
			buildActionMask = 2147483647;
			files = (
				CEDD3B4F2A96F8E500661031 /* LaunchScreen.storyboard in Resources */,
				CEDD3B4C2A96F8E500661031 /* Assets.xcassets in Resources */,
				CEDD3B4A2A96F8E200661031 /* Main.storyboard in Resources */,
			);
			runOnlyForDeploymentPostprocessing = 0;
		};
		CEDD3B532A96F8E500661031 /* Resources */ = {
			isa = PBXResourcesBuildPhase;
			buildActionMask = 2147483647;
			files = (
			);
			runOnlyForDeploymentPostprocessing = 0;
		};
		CEDD3B5D2A96F8E500661031 /* Resources */ = {
			isa = PBXResourcesBuildPhase;
			buildActionMask = 2147483647;
			files = (
			);
			runOnlyForDeploymentPostprocessing = 0;
		};
/* End PBXResourcesBuildPhase section */

/* Begin PBXSourcesBuildPhase section */
		CEDD3B3B2A96F8E200661031 /* Sources */ = {
			isa = PBXSourcesBuildPhase;
			buildActionMask = 2147483647;
			files = (
				CEDD3B472A96F8E200661031 /* ViewController.swift in Sources */,
				CEDD3B432A96F8E200661031 /* AppDelegate.swift in Sources */,
				CEDD3B452A96F8E200661031 /* SceneDelegate.swift in Sources */,
			);
			runOnlyForDeploymentPostprocessing = 0;
		};
		CEDD3B512A96F8E500661031 /* Sources */ = {
			isa = PBXSourcesBuildPhase;
			buildActionMask = 2147483647;
			files = (
				CEDD3B5A2A96F8E500661031 /* SOLID_ExampleTests.swift in Sources */,
			);
			runOnlyForDeploymentPostprocessing = 0;
		};
		CEDD3B5B2A96F8E500661031 /* Sources */ = {
			isa = PBXSourcesBuildPhase;
			buildActionMask = 2147483647;
			files = (
				CEDD3B642A96F8E500661031 /* SOLID_ExampleUITests.swift in Sources */,
				CEDD3B662A96F8E500661031 /* SOLID_ExampleUITestsLaunchTests.swift in Sources */,
			);
			runOnlyForDeploymentPostprocessing = 0;
		};
/* End PBXSourcesBuildPhase section */

/* Begin PBXTargetDependency section */
		CEDD3B572A96F8E500661031 /* PBXTargetDependency */ = {
			isa = PBXTargetDependency;
			target = CEDD3B3E2A96F8E200661031 /* SOLID Example */;
			targetProxy = CEDD3B562A96F8E500661031 /* PBXContainerItemProxy */;
		};
		CEDD3B612A96F8E500661031 /* PBXTargetDependency */ = {
			isa = PBXTargetDependency;
			target = CEDD3B3E2A96F8E200661031 /* SOLID Example */;
			targetProxy = CEDD3B602A96F8E500661031 /* PBXContainerItemProxy */;
		};
/* End PBXTargetDependency section */

/* Begin PBXVariantGroup section */
		CEDD3B482A96F8E200661031 /* Main.storyboard */ = {
			isa = PBXVariantGroup;
			children = (
				CEDD3B492A96F8E200661031 /* Base */,
			);
			name = Main.storyboard;
			sourceTree = "<group>";
		};
		CEDD3B4D2A96F8E500661031 /* LaunchScreen.storyboard */ = {
			isa = PBXVariantGroup;
			children = (
				CEDD3B4E2A96F8E500661031 /* Base */,
			);
			name = LaunchScreen.storyboard;
			sourceTree = "<group>";
		};
/* End PBXVariantGroup section */

/* Begin XCBuildConfiguration section */
		CEDD3B672A96F8E500661031 /* Debug */ = {
			isa = XCBuildConfiguration;
			buildSettings = {
				ALWAYS_SEARCH_USER_PATHS = NO;
				CLANG_ANALYZER_NONNULL = YES;
				CLANG_ANALYZER_NUMBER_OBJECT_CONVERSION = YES_AGGRESSIVE;
				CLANG_CXX_LANGUAGE_STANDARD = "gnu++20";
				CLANG_ENABLE_MODULES = YES;
				CLANG_ENABLE_OBJC_ARC = YES;
				CLANG_ENABLE_OBJC_WEAK = YES;
				CLANG_WARN_BLOCK_CAPTURE_AUTORELEASING = YES;
				CLANG_WARN_BOOL_CONVERSION = YES;
				CLANG_WARN_COMMA = YES;
				CLANG_WARN_CONSTANT_CONVERSION = YES;
				CLANG_WARN_DEPRECATED_OBJC_IMPLEMENTATIONS = YES;
				CLANG_WARN_DIRECT_OBJC_ISA_USAGE = YES_ERROR;
				CLANG_WARN_DOCUMENTATION_COMMENTS = YES;
				CLANG_WARN_EMPTY_BODY = YES;
				CLANG_WARN_ENUM_CONVERSION = YES;
				CLANG_WARN_INFINITE_RECURSION = YES;
				CLANG_WARN_INT_CONVERSION = YES;
				CLANG_WARN_NON_LITERAL_NULL_CONVERSION = YES;
				CLANG_WARN_OBJC_IMPLICIT_RETAIN_SELF = YES;
				CLANG_WARN_OBJC_LITERAL_CONVERSION = YES;
				CLANG_WARN_OBJC_ROOT_CLASS = YES_ERROR;
				CLANG_WARN_QUOTED_INCLUDE_IN_FRAMEWORK_HEADER = YES;
				CLANG_WARN_RANGE_LOOP_ANALYSIS = YES;
				CLANG_WARN_STRICT_PROTOTYPES = YES;
				CLANG_WARN_SUSPICIOUS_MOVE = YES;
				CLANG_WARN_UNGUARDED_AVAILABILITY = YES_AGGRESSIVE;
				CLANG_WARN_UNREACHABLE_CODE = YES;
				CLANG_WARN__DUPLICATE_METHOD_MATCH = YES;
				COPY_PHASE_STRIP = NO;
				DEBUG_INFORMATION_FORMAT = dwarf;
				ENABLE_STRICT_OBJC_MSGSEND = YES;
				ENABLE_TESTABILITY = YES;
				GCC_C_LANGUAGE_STANDARD = gnu11;
				GCC_DYNAMIC_NO_PIC = NO;
				GCC_NO_COMMON_BLOCKS = YES;
				GCC_OPTIMIZATION_LEVEL = 0;
				GCC_PREPROCESSOR_DEFINITIONS = (
					"DEBUG=1",
					"$(inherited)",
				);
				GCC_WARN_64_TO_32_BIT_CONVERSION = YES;
				GCC_WARN_ABOUT_RETURN_TYPE = YES_ERROR;
				GCC_WARN_UNDECLARED_SELECTOR = YES;
				GCC_WARN_UNINITIALIZED_AUTOS = YES_AGGRESSIVE;
				GCC_WARN_UNUSED_FUNCTION = YES;
				GCC_WARN_UNUSED_VARIABLE = YES;
				IPHONEOS_DEPLOYMENT_TARGET = 16.1;
				MTL_ENABLE_DEBUG_INFO = INCLUDE_SOURCE;
				MTL_FAST_MATH = YES;
				ONLY_ACTIVE_ARCH = YES;
				SDKROOT = iphoneos;
				SWIFT_ACTIVE_COMPILATION_CONDITIONS = DEBUG;
				SWIFT_OPTIMIZATION_LEVEL = "-Onone";
			};
			name = Debug;
		};
		CEDD3B682A96F8E500661031 /* Release */ = {
			isa = XCBuildConfiguration;
			buildSettings = {
				ALWAYS_SEARCH_USER_PATHS = NO;
				CLANG_ANALYZER_NONNULL = YES;
				CLANG_ANALYZER_NUMBER_OBJECT_CONVERSION = YES_AGGRESSIVE;
				CLANG_CXX_LANGUAGE_STANDARD = "gnu++20";
				CLANG_ENABLE_MODULES = YES;
				CLANG_ENABLE_OBJC_ARC = YES;
				CLANG_ENABLE_OBJC_WEAK = YES;
				CLANG_WARN_BLOCK_CAPTURE_AUTORELEASING = YES;
				CLANG_WARN_BOOL_CONVERSION = YES;
				CLANG_WARN_COMMA = YES;
				CLANG_WARN_CONSTANT_CONVERSION = YES;
				CLANG_WARN_DEPRECATED_OBJC_IMPLEMENTATIONS = YES;
				CLANG_WARN_DIRECT_OBJC_ISA_USAGE = YES_ERROR;
				CLANG_WARN_DOCUMENTATION_COMMENTS = YES;
				CLANG_WARN_EMPTY_BODY = YES;
				CLANG_WARN_ENUM_CONVERSION = YES;
				CLANG_WARN_INFINITE_RECURSION = YES;
				CLANG_WARN_INT_CONVERSION = YES;
				CLANG_WARN_NON_LITERAL_NULL_CONVERSION = YES;
				CLANG_WARN_OBJC_IMPLICIT_RETAIN_SELF = YES;
				CLANG_WARN_OBJC_LITERAL_CONVERSION = YES;
				CLANG_WARN_OBJC_ROOT_CLASS = YES_ERROR;
				CLANG_WARN_QUOTED_INCLUDE_IN_FRAMEWORK_HEADER = YES;
				CLANG_WARN_RANGE_LOOP_ANALYSIS = YES;
				CLANG_WARN_STRICT_PROTOTYPES = YES;
				CLANG_WARN_SUSPICIOUS_MOVE = YES;
				CLANG_WARN_UNGUARDED_AVAILABILITY = YES_AGGRESSIVE;
				CLANG_WARN_UNREACHABLE_CODE = YES;
				CLANG_WARN__DUPLICATE_METHOD_MATCH = YES;
				COPY_PHASE_STRIP = NO;
				DEBUG_INFORMATION_FORMAT = "dwarf-with-dsym";
				ENABLE_NS_ASSERTIONS = NO;
				ENABLE_STRICT_OBJC_MSGSEND = YES;
				GCC_C_LANGUAGE_STANDARD = gnu11;
				GCC_NO_COMMON_BLOCKS = YES;
				GCC_WARN_64_TO_32_BIT_CONVERSION = YES;
				GCC_WARN_ABOUT_RETURN_TYPE = YES_ERROR;
				GCC_WARN_UNDECLARED_SELECTOR = YES;
				GCC_WARN_UNINITIALIZED_AUTOS = YES_AGGRESSIVE;
				GCC_WARN_UNUSED_FUNCTION = YES;
				GCC_WARN_UNUSED_VARIABLE = YES;
				IPHONEOS_DEPLOYMENT_TARGET = 16.1;
				MTL_ENABLE_DEBUG_INFO = NO;
				MTL_FAST_MATH = YES;
				SDKROOT = iphoneos;
				SWIFT_COMPILATION_MODE = wholemodule;
				SWIFT_OPTIMIZATION_LEVEL = "-O";
				VALIDATE_PRODUCT = YES;
			};
			name = Release;
		};
		CEDD3B6A2A96F8E500661031 /* Debug */ = {
			isa = XCBuildConfiguration;
			buildSettings = {
				ASSETCATALOG_COMPILER_APPICON_NAME = AppIcon;
				ASSETCATALOG_COMPILER_GLOBAL_ACCENT_COLOR_NAME = AccentColor;
				CODE_SIGN_STYLE = Automatic;
				CURRENT_PROJECT_VERSION = 1;
				DEVELOPMENT_TEAM = 26VQM6YHFT;
				GENERATE_INFOPLIST_FILE = YES;
				INFOPLIST_FILE = "SOLID Example/Info.plist";
				INFOPLIST_KEY_UIApplicationSupportsIndirectInputEvents = YES;
				INFOPLIST_KEY_UILaunchStoryboardName = LaunchScreen;
				INFOPLIST_KEY_UIMainStoryboardFile = Main;
				INFOPLIST_KEY_UISupportedInterfaceOrientations_iPad = "UIInterfaceOrientationPortrait UIInterfaceOrientationPortraitUpsideDown UIInterfaceOrientationLandscapeLeft UIInterfaceOrientationLandscapeRight";
				INFOPLIST_KEY_UISupportedInterfaceOrientations_iPhone = "UIInterfaceOrientationPortrait UIInterfaceOrientationLandscapeLeft UIInterfaceOrientationLandscapeRight";
				LD_RUNPATH_SEARCH_PATHS = (
					"$(inherited)",
					"@executable_path/Frameworks",
				);
				MARKETING_VERSION = 1.0;
				PRODUCT_BUNDLE_IDENTIFIER = "com.sanada.SOLID-Example";
				PRODUCT_NAME = "$(TARGET_NAME)";
				SWIFT_EMIT_LOC_STRINGS = YES;
				SWIFT_VERSION = 5.0;
				TARGETED_DEVICE_FAMILY = "1,2";
			};
			name = Debug;
		};
		CEDD3B6B2A96F8E500661031 /* Release */ = {
			isa = XCBuildConfiguration;
			buildSettings = {
				ASSETCATALOG_COMPILER_APPICON_NAME = AppIcon;
				ASSETCATALOG_COMPILER_GLOBAL_ACCENT_COLOR_NAME = AccentColor;
				CODE_SIGN_STYLE = Automatic;
				CURRENT_PROJECT_VERSION = 1;
				DEVELOPMENT_TEAM = 26VQM6YHFT;
				GENERATE_INFOPLIST_FILE = YES;
				INFOPLIST_FILE = "SOLID Example/Info.plist";
				INFOPLIST_KEY_UIApplicationSupportsIndirectInputEvents = YES;
				INFOPLIST_KEY_UILaunchStoryboardName = LaunchScreen;
				INFOPLIST_KEY_UIMainStoryboardFile = Main;
				INFOPLIST_KEY_UISupportedInterfaceOrientations_iPad = "UIInterfaceOrientationPortrait UIInterfaceOrientationPortraitUpsideDown UIInterfaceOrientationLandscapeLeft UIInterfaceOrientationLandscapeRight";
				INFOPLIST_KEY_UISupportedInterfaceOrientations_iPhone = "UIInterfaceOrientationPortrait UIInterfaceOrientationLandscapeLeft UIInterfaceOrientationLandscapeRight";
				LD_RUNPATH_SEARCH_PATHS = (
					"$(inherited)",
					"@executable_path/Frameworks",
				);
				MARKETING_VERSION = 1.0;
				PRODUCT_BUNDLE_IDENTIFIER = "com.sanada.SOLID-Example";
				PRODUCT_NAME = "$(TARGET_NAME)";
				SWIFT_EMIT_LOC_STRINGS = YES;
				SWIFT_VERSION = 5.0;
				TARGETED_DEVICE_FAMILY = "1,2";
			};
			name = Release;
		};
		CEDD3B6D2A96F8E500661031 /* Debug */ = {
			isa = XCBuildConfiguration;
			buildSettings = {
				ALWAYS_EMBED_SWIFT_STANDARD_LIBRARIES = YES;
				BUNDLE_LOADER = "$(TEST_HOST)";
				CODE_SIGN_STYLE = Automatic;
				CURRENT_PROJECT_VERSION = 1;
				DEVELOPMENT_TEAM = 26VQM6YHFT;
				GENERATE_INFOPLIST_FILE = YES;
				IPHONEOS_DEPLOYMENT_TARGET = 16.1;
				MARKETING_VERSION = 1.0;
				PRODUCT_BUNDLE_IDENTIFIER = "com.sanada.SOLID-ExampleTests";
				PRODUCT_NAME = "$(TARGET_NAME)";
				SWIFT_EMIT_LOC_STRINGS = NO;
				SWIFT_VERSION = 5.0;
				TARGETED_DEVICE_FAMILY = "1,2";
				TEST_HOST = "$(BUILT_PRODUCTS_DIR)/SOLID Example.app/$(BUNDLE_EXECUTABLE_FOLDER_PATH)/SOLID Example";
			};
			name = Debug;
		};
		CEDD3B6E2A96F8E500661031 /* Release */ = {
			isa = XCBuildConfiguration;
			buildSettings = {
				ALWAYS_EMBED_SWIFT_STANDARD_LIBRARIES = YES;
				BUNDLE_LOADER = "$(TEST_HOST)";
				CODE_SIGN_STYLE = Automatic;
				CURRENT_PROJECT_VERSION = 1;
				DEVELOPMENT_TEAM = 26VQM6YHFT;
				GENERATE_INFOPLIST_FILE = YES;
				IPHONEOS_DEPLOYMENT_TARGET = 16.1;
				MARKETING_VERSION = 1.0;
				PRODUCT_BUNDLE_IDENTIFIER = "com.sanada.SOLID-ExampleTests";
				PRODUCT_NAME = "$(TARGET_NAME)";
				SWIFT_EMIT_LOC_STRINGS = NO;
				SWIFT_VERSION = 5.0;
				TARGETED_DEVICE_FAMILY = "1,2";
				TEST_HOST = "$(BUILT_PRODUCTS_DIR)/SOLID Example.app/$(BUNDLE_EXECUTABLE_FOLDER_PATH)/SOLID Example";
			};
			name = Release;
		};
		CEDD3B702A96F8E500661031 /* Debug */ = {
			isa = XCBuildConfiguration;
			buildSettings = {
				ALWAYS_EMBED_SWIFT_STANDARD_LIBRARIES = YES;
				CODE_SIGN_STYLE = Automatic;
				CURRENT_PROJECT_VERSION = 1;
				DEVELOPMENT_TEAM = 26VQM6YHFT;
				GENERATE_INFOPLIST_FILE = YES;
				MARKETING_VERSION = 1.0;
				PRODUCT_BUNDLE_IDENTIFIER = "com.sanada.SOLID-ExampleUITests";
				PRODUCT_NAME = "$(TARGET_NAME)";
				SWIFT_EMIT_LOC_STRINGS = NO;
				SWIFT_VERSION = 5.0;
				TARGETED_DEVICE_FAMILY = "1,2";
				TEST_TARGET_NAME = "SOLID Example";
			};
			name = Debug;
		};
		CEDD3B712A96F8E500661031 /* Release */ = {
			isa = XCBuildConfiguration;
			buildSettings = {
				ALWAYS_EMBED_SWIFT_STANDARD_LIBRARIES = YES;
				CODE_SIGN_STYLE = Automatic;
				CURRENT_PROJECT_VERSION = 1;
				DEVELOPMENT_TEAM = 26VQM6YHFT;
				GENERATE_INFOPLIST_FILE = YES;
				MARKETING_VERSION = 1.0;
				PRODUCT_BUNDLE_IDENTIFIER = "com.sanada.SOLID-ExampleUITests";
				PRODUCT_NAME = "$(TARGET_NAME)";
				SWIFT_EMIT_LOC_STRINGS = NO;
				SWIFT_VERSION = 5.0;
				TARGETED_DEVICE_FAMILY = "1,2";
				TEST_TARGET_NAME = "SOLID Example";
			};
			name = Release;
		};
/* End XCBuildConfiguration section */

/* Begin XCConfigurationList section */
		CEDD3B3A2A96F8E200661031 /* Build configuration list for PBXProject "SOLID Example" */ = {
			isa = XCConfigurationList;
			buildConfigurations = (
				CEDD3B672A96F8E500661031 /* Debug */,
				CEDD3B682A96F8E500661031 /* Release */,
			);
			defaultConfigurationIsVisible = 0;
			defaultConfigurationName = Release;
		};
		CEDD3B692A96F8E500661031 /* Build configuration list for PBXNativeTarget "SOLID Example" */ = {
			isa = XCConfigurationList;
			buildConfigurations = (
				CEDD3B6A2A96F8E500661031 /* Debug */,
				CEDD3B6B2A96F8E500661031 /* Release */,
			);
			defaultConfigurationIsVisible = 0;
			defaultConfigurationName = Release;
		};
		CEDD3B6C2A96F8E500661031 /* Build configuration list for PBXNativeTarget "SOLID ExampleTests" */ = {
			isa = XCConfigurationList;
			buildConfigurations = (
				CEDD3B6D2A96F8E500661031 /* Debug */,
				CEDD3B6E2A96F8E500661031 /* Release */,
			);
			defaultConfigurationIsVisible = 0;
			defaultConfigurationName = Release;
		};
		CEDD3B6F2A96F8E500661031 /* Build configuration list for PBXNativeTarget "SOLID ExampleUITests" */ = {
			isa = XCConfigurationList;
			buildConfigurations = (
				CEDD3B702A96F8E500661031 /* Debug */,
				CEDD3B712A96F8E500661031 /* Release */,
			);
			defaultConfigurationIsVisible = 0;
			defaultConfigurationName = Release;
		};
/* End XCConfigurationList section */
	};
	rootObject = CEDD3B372A96F8E200661031 /* Project object */;
}
